{
  "name": "ayazzafar.com",
  "lockfileVersion": 2,
  "requires": true,
  "packages": {
    "": {
      "dependencies": {
        "@algolia/autocomplete-js": "^1.8.1",
        "@algolia/autocomplete-theme-classic": "^1.8.1",
        "@vercel/analytics": "^0.1.5",
        "algoliasearch": "^4.14.3"
      }
    },
    "node_modules/@algolia/autocomplete-core": {
      "version": "1.8.1",
      "resolved": "https://registry.npmjs.org/@algolia/autocomplete-core/-/autocomplete-core-1.8.1.tgz",
      "integrity": "sha512-KPHnSr0uLw/SktZUrSa/V1mTXjHFYfYsFdUxCYvCfTvOQ4JiQi3j9Zeb5VHkIohnghK9j96TDGlMeYvsowQRKQ==",
      "dependencies": {
        "@algolia/autocomplete-shared": "1.8.1"
      }
    },
    "node_modules/@algolia/autocomplete-js": {
      "version": "1.8.1",
      "resolved": "https://registry.npmjs.org/@algolia/autocomplete-js/-/autocomplete-js-1.8.1.tgz",
      "integrity": "sha512-oWzi2b0+6eO178yMz9Rgxy+zt692j+s3YAOD8yHeLVqBjklVv2/2llVjUnifJ1L8jrArlLqh3G/AHjkgkQER6w==",
      "dependencies": {
        "@algolia/autocomplete-core": "1.8.1",
        "@algolia/autocomplete-preset-algolia": "1.8.1",
        "@algolia/autocomplete-shared": "1.8.1",
        "htm": "^3.1.1",
        "preact": "^10.0.0"
      },
      "peerDependencies": {
        "@algolia/client-search": ">= 4.5.1 < 6"
      }
    },
    "node_modules/@algolia/autocomplete-preset-algolia": {
      "version": "1.8.1",
      "resolved": "https://registry.npmjs.org/@algolia/autocomplete-preset-algolia/-/autocomplete-preset-algolia-1.8.1.tgz",
      "integrity": "sha512-QdwBaBaI5suzA4/q6q7j55QLaWyG0SxPSBe/CErabdmvcsU08tpKf6bqCo5ga1xochsep9U/wN3E8A3YRx7meg==",
      "dependencies": {
        "@algolia/autocomplete-shared": "1.8.1"
      },
      "peerDependencies": {
        "@algolia/client-search": ">= 4.9.1 < 6",
        "algoliasearch": ">= 4.9.1 < 6"
      }
    },
    "node_modules/@algolia/autocomplete-shared": {
      "version": "1.8.1",
      "resolved": "https://registry.npmjs.org/@algolia/autocomplete-shared/-/autocomplete-shared-1.8.1.tgz",
      "integrity": "sha512-o0CKKCVk3+Z9GAJTHokC3YmTjEvZZ6JdMnpbc28qwX1KpFY5znqXbOA//jUhg6QvS9Cuxh9Gx8Ok5avhK5eR0g=="
    },
    "node_modules/@algolia/autocomplete-theme-classic": {
      "version": "1.8.1",
      "resolved": "https://registry.npmjs.org/@algolia/autocomplete-theme-classic/-/autocomplete-theme-classic-1.8.1.tgz",
      "integrity": "sha512-lPh4DhRPjRz0nLEHYFRzgdBSXOxALk0zcbA90UO9D4sOZBMjDsz7tz2pbhrQbyQLyrHEWFVpj8LU6BqmERvtDQ=="
    },
    "node_modules/@algolia/cache-browser-local-storage": {
      "version": "4.14.3",
      "resolved": "https://registry.npmjs.org/@algolia/cache-browser-local-storage/-/cache-browser-local-storage-4.14.3.tgz",
      "integrity": "sha512-hWH1yCxgG3+R/xZIscmUrWAIBnmBFHH5j30fY/+aPkEZWt90wYILfAHIOZ1/Wxhho5SkPfwFmT7ooX2d9JeQBw==",
      "dependencies": {
        "@algolia/cache-common": "4.14.3"
      }
    },
    "node_modules/@algolia/cache-common": {
      "version": "4.14.3",
      "resolved": "https://registry.npmjs.org/@algolia/cache-common/-/cache-common-4.14.3.tgz",
      "integrity": "sha512-oZJofOoD9FQOwiGTzyRnmzvh3ZP8WVTNPBLH5xU5JNF7drDbRT0ocVT0h/xB2rPHYzOeXRrLaQQBwRT/CKom0Q=="
    },
    "node_modules/@algolia/cache-in-memory": {
      "version": "4.14.3",
      "resolved": "https://registry.npmjs.org/@algolia/cache-in-memory/-/cache-in-memory-4.14.3.tgz",
      "integrity": "sha512-ES0hHQnzWjeioLQf5Nq+x1AWdZJ50znNPSH3puB/Y4Xsg4Av1bvLmTJe7SY2uqONaeMTvL0OaVcoVtQgJVw0vg==",
      "dependencies": {
        "@algolia/cache-common": "4.14.3"
      }
    },
    "node_modules/@algolia/client-account": {
      "version": "4.14.3",
      "resolved": "https://registry.npmjs.org/@algolia/client-account/-/client-account-4.14.3.tgz",
      "integrity": "sha512-PBcPb0+f5Xbh5UfLZNx2Ow589OdP8WYjB4CnvupfYBrl9JyC1sdH4jcq/ri8osO/mCZYjZrQsKAPIqW/gQmizQ==",
      "dependencies": {
        "@algolia/client-common": "4.14.3",
        "@algolia/client-search": "4.14.3",
        "@algolia/transporter": "4.14.3"
      }
    },
    "node_modules/@algolia/client-analytics": {
      "version": "4.14.3",
      "resolved": "https://registry.npmjs.org/@algolia/client-analytics/-/client-analytics-4.14.3.tgz",
      "integrity": "sha512-eAwQq0Hb/aauv9NhCH5Dp3Nm29oFx28sayFN2fdOWemwSeJHIl7TmcsxVlRsO50fsD8CtPcDhtGeD3AIFLNvqw==",
      "dependencies": {
        "@algolia/client-common": "4.14.3",
        "@algolia/client-search": "4.14.3",
        "@algolia/requester-common": "4.14.3",
        "@algolia/transporter": "4.14.3"
      }
    },
    "node_modules/@algolia/client-common": {
      "version": "4.14.3",
      "resolved": "https://registry.npmjs.org/@algolia/client-common/-/client-common-4.14.3.tgz",
      "integrity": "sha512-jkPPDZdi63IK64Yg4WccdCsAP4pHxSkr4usplkUZM5C1l1oEpZXsy2c579LQ0rvwCs5JFmwfNG4ahOszidfWPw==",
      "dependencies": {
        "@algolia/requester-common": "4.14.3",
        "@algolia/transporter": "4.14.3"
      }
    },
    "node_modules/@algolia/client-personalization": {
      "version": "4.14.3",
      "resolved": "https://registry.npmjs.org/@algolia/client-personalization/-/client-personalization-4.14.3.tgz",
      "integrity": "sha512-UCX1MtkVNgaOL9f0e22x6tC9e2H3unZQlSUdnVaSKpZ+hdSChXGaRjp2UIT7pxmPqNCyv51F597KEX5WT60jNg==",
      "dependencies": {
        "@algolia/client-common": "4.14.3",
        "@algolia/requester-common": "4.14.3",
        "@algolia/transporter": "4.14.3"
      }
    },
    "node_modules/@algolia/client-search": {
      "version": "4.14.3",
      "resolved": "https://registry.npmjs.org/@algolia/client-search/-/client-search-4.14.3.tgz",
      "integrity": "sha512-I2U7xBx5OPFdPLA8AXKUPPxGY3HDxZ4r7+mlZ8ZpLbI8/ri6fnu6B4z3wcL7sgHhDYMwnAE8Xr0AB0h3Hnkp4A==",
      "dependencies": {
        "@algolia/client-common": "4.14.3",
        "@algolia/requester-common": "4.14.3",
        "@algolia/transporter": "4.14.3"
      }
    },
    "node_modules/@algolia/logger-common": {
      "version": "4.14.3",
      "resolved": "https://registry.npmjs.org/@algolia/logger-common/-/logger-common-4.14.3.tgz",
      "integrity": "sha512-kUEAZaBt/J3RjYi8MEBT2QEexJR2kAE2mtLmezsmqMQZTV502TkHCxYzTwY2dE7OKcUTxi4OFlMuS4GId9CWPw=="
    },
    "node_modules/@algolia/logger-console": {
      "version": "4.14.3",
      "resolved": "https://registry.npmjs.org/@algolia/logger-console/-/logger-console-4.14.3.tgz",
      "integrity": "sha512-ZWqAlUITktiMN2EiFpQIFCJS10N96A++yrexqC2Z+3hgF/JcKrOxOdT4nSCQoEPvU4Ki9QKbpzbebRDemZt/hw==",
      "dependencies": {
        "@algolia/logger-common": "4.14.3"
      }
    },
    "node_modules/@algolia/requester-browser-xhr": {
      "version": "4.14.3",
      "resolved": "https://registry.npmjs.org/@algolia/requester-browser-xhr/-/requester-browser-xhr-4.14.3.tgz",
      "integrity": "sha512-AZeg2T08WLUPvDncl2XLX2O67W5wIO8MNaT7z5ii5LgBTuk/rU4CikTjCe2xsUleIZeFl++QrPAi4Bdxws6r/Q==",
      "dependencies": {
        "@algolia/requester-common": "4.14.3"
      }
    },
    "node_modules/@algolia/requester-common": {
      "version": "4.14.3",
      "resolved": "https://registry.npmjs.org/@algolia/requester-common/-/requester-common-4.14.3.tgz",
      "integrity": "sha512-RrRzqNyKFDP7IkTuV3XvYGF9cDPn9h6qEDl595lXva3YUk9YSS8+MGZnnkOMHvjkrSCKfoLeLbm/T4tmoIeclw=="
    },
    "node_modules/@algolia/requester-node-http": {
      "version": "4.14.3",
      "resolved": "https://registry.npmjs.org/@algolia/requester-node-http/-/requester-node-http-4.14.3.tgz",
      "integrity": "sha512-O5wnPxtDRPuW2U0EaOz9rMMWdlhwP0J0eSL1Z7TtXF8xnUeeUyNJrdhV5uy2CAp6RbhM1VuC3sOJcIR6Av+vbA==",
      "dependencies": {
        "@algolia/requester-common": "4.14.3"
      }
    },
    "node_modules/@algolia/transporter": {
      "version": "4.14.3",
      "resolved": "https://registry.npmjs.org/@algolia/transporter/-/transporter-4.14.3.tgz",
      "integrity": "sha512-2qlKlKsnGJ008exFRb5RTeTOqhLZj0bkMCMVskxoqWejs2Q2QtWmsiH98hDfpw0fmnyhzHEt0Z7lqxBYp8bW2w==",
      "dependencies": {
        "@algolia/cache-common": "4.14.3",
        "@algolia/logger-common": "4.14.3",
        "@algolia/requester-common": "4.14.3"
      }
    },
    "node_modules/@vercel/analytics": {
      "version": "0.1.5",
      "resolved": "https://registry.npmjs.org/@vercel/analytics/-/analytics-0.1.5.tgz",
      "integrity": "sha512-/k9N8Ea3Yc5A52GlkjzUEbi2vE/izClrOf++ryBkxEfrZM/OZwtHkdNw/QExZ1h/B67RCZLK7bCOnKKrhG7gTg==",
      "peerDependencies": {
        "react": "^16.8||^17||^18"
      }
    },
    "node_modules/algoliasearch": {
      "version": "4.14.3",
      "resolved": "https://registry.npmjs.org/algoliasearch/-/algoliasearch-4.14.3.tgz",
      "integrity": "sha512-GZTEuxzfWbP/vr7ZJfGzIl8fOsoxN916Z6FY2Egc9q2TmZ6hvq5KfAxY89pPW01oW/2HDEKA8d30f9iAH9eXYg==",
      "dependencies": {
        "@algolia/cache-browser-local-storage": "4.14.3",
        "@algolia/cache-common": "4.14.3",
        "@algolia/cache-in-memory": "4.14.3",
        "@algolia/client-account": "4.14.3",
        "@algolia/client-analytics": "4.14.3",
        "@algolia/client-common": "4.14.3",
        "@algolia/client-personalization": "4.14.3",
        "@algolia/client-search": "4.14.3",
        "@algolia/logger-common": "4.14.3",
        "@algolia/logger-console": "4.14.3",
        "@algolia/requester-browser-xhr": "4.14.3",
        "@algolia/requester-common": "4.14.3",
        "@algolia/requester-node-http": "4.14.3",
        "@algolia/transporter": "4.14.3"
      }
    },
    "node_modules/htm": {
      "version": "3.1.1",
      "resolved": "https://registry.npmjs.org/htm/-/htm-3.1.1.tgz",
      "integrity": "sha512-983Vyg8NwUE7JkZ6NmOqpCZ+sh1bKv2iYTlUkzlWmA5JD2acKoxd4KVxbMmxX/85mtfdnDmTFoNKcg5DGAvxNQ=="
    },
    "node_modules/js-tokens": {
      "version": "4.0.0",
      "resolved": "https://registry.npmjs.org/js-tokens/-/js-tokens-4.0.0.tgz",
      "integrity": "sha512-RdJUflcE3cUzKiMqQgsCu06FPu9UdIJO0beYbPhHN4k6apgJtifcoCtT9bcxOpYBtpD2kCM6Sbzg4CausW/PKQ==",
      "peer": true
    },
    "node_modules/loose-envify": {
      "version": "1.4.0",
      "resolved": "https://registry.npmjs.org/loose-envify/-/loose-envify-1.4.0.tgz",
      "integrity": "sha512-lyuxPGr/Wfhrlem2CL/UcnUc1zcqKAImBDzukY7Y5F/yQiNdko6+fRLevlw1HgMySw7f611UIY408EtxRSoK3Q==",
      "peer": true,
      "dependencies": {
        "js-tokens": "^3.0.0 || ^4.0.0"
      },
      "bin": {
        "loose-envify": "cli.js"
      }
    },
    "node_modules/preact": {
      "version": "10.12.1",
      "resolved": "https://registry.npmjs.org/preact/-/preact-10.12.1.tgz",
      "integrity": "sha512-l8386ixSsBdbreOAkqtrwqHwdvR35ID8c3rKPa8lCWuO86dBi32QWHV4vfsZK1utLLFMvw+Z5Ad4XLkZzchscg==",
      "funding": {
        "type": "opencollective",
        "url": "https://opencollective.com/preact"
      }
    },
    "node_modules/react": {
      "version": "18.2.0",
      "resolved": "https://registry.npmjs.org/react/-/react-18.2.0.tgz",
      "integrity": "sha512-/3IjMdb2L9QbBdWiW5e3P2/npwMBaU9mHCSCUzNln0ZCYbcfTsGbTJrU/kGemdH2IWmB2ioZ+zkxtmq6g09fGQ==",
      "peer": true,
      "dependencies": {
        "loose-envify": "^1.1.0"
      },
      "engines": {
        "node": ">=0.10.0"
      }
    }
  },
  "dependencies": {
    "@algolia/autocomplete-core": {
      "version": "1.8.1",
      "resolved": "https://registry.npmjs.org/@algolia/autocomplete-core/-/autocomplete-core-1.8.1.tgz",
      "integrity": "sha512-KPHnSr0uLw/SktZUrSa/V1mTXjHFYfYsFdUxCYvCfTvOQ4JiQi3j9Zeb5VHkIohnghK9j96TDGlMeYvsowQRKQ==",
      "requires": {
        "@algolia/autocomplete-shared": "1.8.1"
      }
    },
    "@algolia/autocomplete-js": {
      "version": "1.8.1",
      "resolved": "https://registry.npmjs.org/@algolia/autocomplete-js/-/autocomplete-js-1.8.1.tgz",
      "integrity": "sha512-oWzi2b0+6eO178yMz9Rgxy+zt692j+s3YAOD8yHeLVqBjklVv2/2llVjUnifJ1L8jrArlLqh3G/AHjkgkQER6w==",
      "requires": {
        "@algolia/autocomplete-core": "1.8.1",
        "@algolia/autocomplete-preset-algolia": "1.8.1",
        "@algolia/autocomplete-shared": "1.8.1",
        "htm": "^3.1.1",
        "preact": "^10.0.0"
      }
    },
    "@algolia/autocomplete-preset-algolia": {
      "version": "1.8.1",
      "resolved": "https://registry.npmjs.org/@algolia/autocomplete-preset-algolia/-/autocomplete-preset-algolia-1.8.1.tgz",
      "integrity": "sha512-QdwBaBaI5suzA4/q6q7j55QLaWyG0SxPSBe/CErabdmvcsU08tpKf6bqCo5ga1xochsep9U/wN3E8A3YRx7meg==",
      "requires": {
        "@algolia/autocomplete-shared": "1.8.1"
      }
    },
    "@algolia/autocomplete-shared": {
      "version": "1.8.1",
      "resolved": "https://registry.npmjs.org/@algolia/autocomplete-shared/-/autocomplete-shared-1.8.1.tgz",
      "integrity": "sha512-o0CKKCVk3+Z9GAJTHokC3YmTjEvZZ6JdMnpbc28qwX1KpFY5znqXbOA//jUhg6QvS9Cuxh9Gx8Ok5avhK5eR0g=="
    },
    "@algolia/autocomplete-theme-classic": {
      "version": "1.8.1",
      "resolved": "https://registry.npmjs.org/@algolia/autocomplete-theme-classic/-/autocomplete-theme-classic-1.8.1.tgz",
      "integrity": "sha512-lPh4DhRPjRz0nLEHYFRzgdBSXOxALk0zcbA90UO9D4sOZBMjDsz7tz2pbhrQbyQLyrHEWFVpj8LU6BqmERvtDQ=="
    },
    "@algolia/cache-browser-local-storage": {
      "version": "4.14.3",
      "resolved": "https://registry.npmjs.org/@algolia/cache-browser-local-storage/-/cache-browser-local-storage-4.14.3.tgz",
      "integrity": "sha512-hWH1yCxgG3+R/xZIscmUrWAIBnmBFHH5j30fY/+aPkEZWt90wYILfAHIOZ1/Wxhho5SkPfwFmT7ooX2d9JeQBw==",
      "requires": {
        "@algolia/cache-common": "4.14.3"
      }
    },
    "@algolia/cache-common": {
      "version": "4.14.3",
      "resolved": "https://registry.npmjs.org/@algolia/cache-common/-/cache-common-4.14.3.tgz",
      "integrity": "sha512-oZJofOoD9FQOwiGTzyRnmzvh3ZP8WVTNPBLH5xU5JNF7drDbRT0ocVT0h/xB2rPHYzOeXRrLaQQBwRT/CKom0Q=="
    },
    "@algolia/cache-in-memory": {
      "version": "4.14.3",
      "resolved": "https://registry.npmjs.org/@algolia/cache-in-memory/-/cache-in-memory-4.14.3.tgz",
      "integrity": "sha512-ES0hHQnzWjeioLQf5Nq+x1AWdZJ50znNPSH3puB/Y4Xsg4Av1bvLmTJe7SY2uqONaeMTvL0OaVcoVtQgJVw0vg==",
      "requires": {
        "@algolia/cache-common": "4.14.3"
      }
    },
    "@algolia/client-account": {
      "version": "4.14.3",
      "resolved": "https://registry.npmjs.org/@algolia/client-account/-/client-account-4.14.3.tgz",
      "integrity": "sha512-PBcPb0+f5Xbh5UfLZNx2Ow589OdP8WYjB4CnvupfYBrl9JyC1sdH4jcq/ri8osO/mCZYjZrQsKAPIqW/gQmizQ==",
      "requires": {
        "@algolia/client-common": "4.14.3",
        "@algolia/client-search": "4.14.3",
        "@algolia/transporter": "4.14.3"
      }
    },
    "@algolia/client-analytics": {
      "version": "4.14.3",
      "resolved": "https://registry.npmjs.org/@algolia/client-analytics/-/client-analytics-4.14.3.tgz",
      "integrity": "sha512-eAwQq0Hb/aauv9NhCH5Dp3Nm29oFx28sayFN2fdOWemwSeJHIl7TmcsxVlRsO50fsD8CtPcDhtGeD3AIFLNvqw==",
      "requires": {
        "@algolia/client-common": "4.14.3",
        "@algolia/client-search": "4.14.3",
        "@algolia/requester-common": "4.14.3",
        "@algolia/transporter": "4.14.3"
      }
    },
    "@algolia/client-common": {
      "version": "4.14.3",
      "resolved": "https://registry.npmjs.org/@algolia/client-common/-/client-common-4.14.3.tgz",
      "integrity": "sha512-jkPPDZdi63IK64Yg4WccdCsAP4pHxSkr4usplkUZM5C1l1oEpZXsy2c579LQ0rvwCs5JFmwfNG4ahOszidfWPw==",
      "requires": {
        "@algolia/requester-common": "4.14.3",
        "@algolia/transporter": "4.14.3"
      }
    },
    "@algolia/client-personalization": {
      "version": "4.14.3",
      "resolved": "https://registry.npmjs.org/@algolia/client-personalization/-/client-personalization-4.14.3.tgz",
      "integrity": "sha512-UCX1MtkVNgaOL9f0e22x6tC9e2H3unZQlSUdnVaSKpZ+hdSChXGaRjp2UIT7pxmPqNCyv51F597KEX5WT60jNg==",
      "requires": {
        "@algolia/client-common": "4.14.3",
        "@algolia/requester-common": "4.14.3",
        "@algolia/transporter": "4.14.3"
      }
    },
    "@algolia/client-search": {
      "version": "4.14.3",
      "resolved": "https://registry.npmjs.org/@algolia/client-search/-/client-search-4.14.3.tgz",
      "integrity": "sha512-I2U7xBx5OPFdPLA8AXKUPPxGY3HDxZ4r7+mlZ8ZpLbI8/ri6fnu6B4z3wcL7sgHhDYMwnAE8Xr0AB0h3Hnkp4A==",
      "requires": {
        "@algolia/client-common": "4.14.3",
        "@algolia/requester-common": "4.14.3",
        "@algolia/transporter": "4.14.3"
      }
    },
    "@algolia/logger-common": {
      "version": "4.14.3",
      "resolved": "https://registry.npmjs.org/@algolia/logger-common/-/logger-common-4.14.3.tgz",
      "integrity": "sha512-kUEAZaBt/J3RjYi8MEBT2QEexJR2kAE2mtLmezsmqMQZTV502TkHCxYzTwY2dE7OKcUTxi4OFlMuS4GId9CWPw=="
    },
    "@algolia/logger-console": {
      "version": "4.14.3",
      "resolved": "https://registry.npmjs.org/@algolia/logger-console/-/logger-console-4.14.3.tgz",
      "integrity": "sha512-ZWqAlUITktiMN2EiFpQIFCJS10N96A++yrexqC2Z+3hgF/JcKrOxOdT4nSCQoEPvU4Ki9QKbpzbebRDemZt/hw==",
      "requires": {
        "@algolia/logger-common": "4.14.3"
      }
    },
    "@algolia/requester-browser-xhr": {
      "version": "4.14.3",
      "resolved": "https://registry.npmjs.org/@algolia/requester-browser-xhr/-/requester-browser-xhr-4.14.3.tgz",
      "integrity": "sha512-AZeg2T08WLUPvDncl2XLX2O67W5wIO8MNaT7z5ii5LgBTuk/rU4CikTjCe2xsUleIZeFl++QrPAi4Bdxws6r/Q==",
      "requires": {
        "@algolia/requester-common": "4.14.3"
      }
    },
    "@algolia/requester-common": {
      "version": "4.14.3",
      "resolved": "https://registry.npmjs.org/@algolia/requester-common/-/requester-common-4.14.3.tgz",
      "integrity": "sha512-RrRzqNyKFDP7IkTuV3XvYGF9cDPn9h6qEDl595lXva3YUk9YSS8+MGZnnkOMHvjkrSCKfoLeLbm/T4tmoIeclw=="
    },
    "@algolia/requester-node-http": {
      "version": "4.14.3",
      "resolved": "https://registry.npmjs.org/@algolia/requester-node-http/-/requester-node-http-4.14.3.tgz",
      "integrity": "sha512-O5wnPxtDRPuW2U0EaOz9rMMWdlhwP0J0eSL1Z7TtXF8xnUeeUyNJrdhV5uy2CAp6RbhM1VuC3sOJcIR6Av+vbA==",
      "requires": {
        "@algolia/requester-common": "4.14.3"
      }
    },
    "@algolia/transporter": {
      "version": "4.14.3",
      "resolved": "https://registry.npmjs.org/@algolia/transporter/-/transporter-4.14.3.tgz",
      "integrity": "sha512-2qlKlKsnGJ008exFRb5RTeTOqhLZj0bkMCMVskxoqWejs2Q2QtWmsiH98hDfpw0fmnyhzHEt0Z7lqxBYp8bW2w==",
      "requires": {
        "@algolia/cache-common": "4.14.3",
        "@algolia/logger-common": "4.14.3",
        "@algolia/requester-common": "4.14.3"
      }
    },
    "@vercel/analytics": {
      "version": "0.1.5",
      "resolved": "https://registry.npmjs.org/@vercel/analytics/-/analytics-0.1.5.tgz",
      "integrity": "sha512-/k9N8Ea3Yc5A52GlkjzUEbi2vE/izClrOf++ryBkxEfrZM/OZwtHkdNw/QExZ1h/B67RCZLK7bCOnKKrhG7gTg==",
      "requires": {}
    },
    "algoliasearch": {
      "version": "4.14.3",
      "resolved": "https://registry.npmjs.org/algoliasearch/-/algoliasearch-4.14.3.tgz",
      "integrity": "sha512-GZTEuxzfWbP/vr7ZJfGzIl8fOsoxN916Z6FY2Egc9q2TmZ6hvq5KfAxY89pPW01oW/2HDEKA8d30f9iAH9eXYg==",
      "requires": {
        "@algolia/cache-browser-local-storage": "4.14.3",
        "@algolia/cache-common": "4.14.3",
        "@algolia/cache-in-memory": "4.14.3",
        "@algolia/client-account": "4.14.3",
        "@algolia/client-analytics": "4.14.3",
        "@algolia/client-common": "4.14.3",
        "@algolia/client-personalization": "4.14.3",
        "@algolia/client-search": "4.14.3",
        "@algolia/logger-common": "4.14.3",
        "@algolia/logger-console": "4.14.3",
        "@algolia/requester-browser-xhr": "4.14.3",
        "@algolia/requester-common": "4.14.3",
        "@algolia/requester-node-http": "4.14.3",
        "@algolia/transporter": "4.14.3"
      }
    },
    "htm": {
      "version": "3.1.1",
      "resolved": "https://registry.npmjs.org/htm/-/htm-3.1.1.tgz",
      "integrity": "sha512-983Vyg8NwUE7JkZ6NmOqpCZ+sh1bKv2iYTlUkzlWmA5JD2acKoxd4KVxbMmxX/85mtfdnDmTFoNKcg5DGAvxNQ=="
    },
    "js-tokens": {
      "version": "4.0.0",
      "resolved": "https://registry.npmjs.org/js-tokens/-/js-tokens-4.0.0.tgz",
      "integrity": "sha512-RdJUflcE3cUzKiMqQgsCu06FPu9UdIJO0beYbPhHN4k6apgJtifcoCtT9bcxOpYBtpD2kCM6Sbzg4CausW/PKQ==",
      "peer": true
    },
    "loose-envify": {
      "version": "1.4.0",
      "resolved": "https://registry.npmjs.org/loose-envify/-/loose-envify-1.4.0.tgz",
      "integrity": "sha512-lyuxPGr/Wfhrlem2CL/UcnUc1zcqKAImBDzukY7Y5F/yQiNdko6+fRLevlw1HgMySw7f611UIY408EtxRSoK3Q==",
      "peer": true,
      "requires": {
        "js-tokens": "^3.0.0 || ^4.0.0"
      }
    },
    "preact": {
      "version": "10.12.1",
      "resolved": "https://registry.npmjs.org/preact/-/preact-10.12.1.tgz",
      "integrity": "sha512-l8386ixSsBdbreOAkqtrwqHwdvR35ID8c3rKPa8lCWuO86dBi32QWHV4vfsZK1utLLFMvw+Z5Ad4XLkZzchscg=="
    },
    "react": {
      "version": "18.2.0",
      "resolved": "https://registry.npmjs.org/react/-/react-18.2.0.tgz",
      "integrity": "sha512-/3IjMdb2L9QbBdWiW5e3P2/npwMBaU9mHCSCUzNln0ZCYbcfTsGbTJrU/kGemdH2IWmB2ioZ+zkxtmq6g09fGQ==",
      "peer": true,
      "requires": {
        "loose-envify": "^1.1.0"
      }
    }
  }
}
